// !$*UTF8*$!
{
	archiveVersion = 1;
	classes = {
	};
	objectVersion = 46;
	objects = {

/* Begin PBXBuildFile section */
		754F3FA21AB2B12700F32C78 /* main.m in Sources */ = {isa = PBXBuildFile; fileRef = 754F3FA11AB2B12700F32C78 /* main.m */; };
		754F3FA51AB2B12700F32C78 /* AppDelegate.m in Sources */ = {isa = PBXBuildFile; fileRef = 754F3FA41AB2B12700F32C78 /* AppDelegate.m */; };
		754F3FA81AB2B12700F32C78 /* ViewController.m in Sources */ = {isa = PBXBuildFile; fileRef = 754F3FA71AB2B12700F32C78 /* ViewController.m */; };
		754F3FAB1AB2B12700F32C78 /* Main.storyboard in Resources */ = {isa = PBXBuildFile; fileRef = 754F3FA91AB2B12700F32C78 /* Main.storyboard */; };
		754F3FAD1AB2B12700F32C78 /* Images.xcassets in Resources */ = {isa = PBXBuildFile; fileRef = 754F3FAC1AB2B12700F32C78 /* Images.xcassets */; };
		754F3FB01AB2B12700F32C78 /* LaunchScreen.xib in Resources */ = {isa = PBXBuildFile; fileRef = 754F3FAE1AB2B12700F32C78 /* LaunchScreen.xib */; };
		754F3FBC1AB2B12700F32C78 /* MoneySliderTests.m in Sources */ = {isa = PBXBuildFile; fileRef = 754F3FBB1AB2B12700F32C78 /* MoneySliderTests.m */; };
/* End PBXBuildFile section */

/* Begin PBXContainerItemProxy section */
		754F3FB61AB2B12700F32C78 /* PBXContainerItemProxy */ = {
			isa = PBXContainerItemProxy;
			containerPortal = 754F3F941AB2B12700F32C78 /* Project object */;
			proxyType = 1;
			remoteGlobalIDString = 754F3F9B1AB2B12700F32C78;
			remoteInfo = MoneySlider;
		};
/* End PBXContainerItemProxy section */

/* Begin PBXFileReference section */
		754F3F9C1AB2B12700F32C78 /* MoneySlider.app */ = {isa = PBXFileReference; explicitFileType = wrapper.application; includeInIndex = 0; path = MoneySlider.app; sourceTree = BUILT_PRODUCTS_DIR; };
		754F3FA01AB2B12700F32C78 /* Info.plist */ = {isa = PBXFileReference; lastKnownFileType = text.plist.xml; path = Info.plist; sourceTree = "<group>"; };
		754F3FA11AB2B12700F32C78 /* main.m */ = {isa = PBXFileReference; lastKnownFileType = sourcecode.c.objc; path = main.m; sourceTree = "<group>"; };
		754F3FA31AB2B12700F32C78 /* AppDelegate.h */ = {isa = PBXFileReference; lastKnownFileType = sourcecode.c.h; path = AppDelegate.h; sourceTree = "<group>"; };
		754F3FA41AB2B12700F32C78 /* AppDelegate.m */ = {isa = PBXFileReference; lastKnownFileType = sourcecode.c.objc; path = AppDelegate.m; sourceTree = "<group>"; };
		754F3FA61AB2B12700F32C78 /* ViewController.h */ = {isa = PBXFileReference; lastKnownFileType = sourcecode.c.h; path = ViewController.h; sourceTree = "<group>"; };
		754F3FA71AB2B12700F32C78 /* ViewController.m */ = {isa = PBXFileReference; lastKnownFileType = sourcecode.c.objc; path = ViewController.m; sourceTree = "<group>"; };
		754F3FAA1AB2B12700F32C78 /* Base */ = {isa = PBXFileReference; lastKnownFileType = file.storyboard; name = Base; path = Base.lproj/Main.storyboard; sourceTree = "<group>"; };
		754F3FAC1AB2B12700F32C78 /* Images.xcassets */ = {isa = PBXFileReference; lastKnownFileType = folder.assetcatalog; path = Images.xcassets; sourceTree = "<group>"; };
		754F3FAF1AB2B12700F32C78 /* Base */ = {isa = PBXFileReference; lastKnownFileType = file.xib; name = Base; path = Base.lproj/LaunchScreen.xib; sourceTree = "<group>"; };
		754F3FB51AB2B12700F32C78 /* MoneySliderTests.xctest */ = {isa = PBXFileReference; explicitFileType = wrapper.cfbundle; includeInIndex = 0; path = MoneySliderTests.xctest; sourceTree = BUILT_PRODUCTS_DIR; };
		754F3FBA1AB2B12700F32C78 /* Info.plist */ = {isa = PBXFileReference; lastKnownFileType = text.plist.xml; path = Info.plist; sourceTree = "<group>"; };
		754F3FBB1AB2B12700F32C78 /* MoneySliderTests.m */ = {isa = PBXFileReference; lastKnownFileType = sourcecode.c.objc; path = MoneySliderTests.m; sourceTree = "<group>"; };
/* End PBXFileReference section */

/* Begin PBXFrameworksBuildPhase section */
		754F3F991AB2B12700F32C78 /* Frameworks */ = {
			isa = PBXFrameworksBuildPhase;
			buildActionMask = 2147483647;
			files = (
			);
			runOnlyForDeploymentPostprocessing = 0;
		};
		754F3FB21AB2B12700F32C78 /* Frameworks */ = {
			isa = PBXFrameworksBuildPhase;
			buildActionMask = 2147483647;
			files = (
			);
			runOnlyForDeploymentPostprocessing = 0;
		};
/* End PBXFrameworksBuildPhase section */

/* Begin PBXGroup section */
		754F3F931AB2B12600F32C78 = {
			isa = PBXGroup;
			children = (
				754F3F9E1AB2B12700F32C78 /* MoneySlider */,
				754F3FB81AB2B12700F32C78 /* MoneySliderTests */,
				754F3F9D1AB2B12700F32C78 /* Products */,
			);
			sourceTree = "<group>";
		};
		754F3F9D1AB2B12700F32C78 /* Products */ = {
			isa = PBXGroup;
			children = (
				754F3F9C1AB2B12700F32C78 /* MoneySlider.app */,
				754F3FB51AB2B12700F32C78 /* MoneySliderTests.xctest */,
			);
			name = Products;
			sourceTree = "<group>";
		};
		754F3F9E1AB2B12700F32C78 /* MoneySlider */ = {
			isa = PBXGroup;
			children = (
				754F3FA31AB2B12700F32C78 /* AppDelegate.h */,
				754F3FA41AB2B12700F32C78 /* AppDelegate.m */,
				754F3FA61AB2B12700F32C78 /* ViewController.h */,
				754F3FA71AB2B12700F32C78 /* ViewController.m */,
				754F3FA91AB2B12700F32C78 /* Main.storyboard */,
				754F3FAC1AB2B12700F32C78 /* Images.xcassets */,
				754F3FAE1AB2B12700F32C78 /* LaunchScreen.xib */,
				754F3F9F1AB2B12700F32C78 /* Supporting Files */,
			);
			path = MoneySlider;
			sourceTree = "<group>";
		};
		754F3F9F1AB2B12700F32C78 /* Supporting Files */ = {
			isa = PBXGroup;
			children = (
				754F3FA01AB2B12700F32C78 /* Info.plist */,
				754F3FA11AB2B12700F32C78 /* main.m */,
			);
			name = "Supporting Files";
			sourceTree = "<group>";
		};
		754F3FB81AB2B12700F32C78 /* MoneySliderTests */ = {
			isa = PBXGroup;
			children = (
				754F3FBB1AB2B12700F32C78 /* MoneySliderTests.m */,
				754F3FB91AB2B12700F32C78 /* Supporting Files */,
			);
			path = MoneySliderTests;
			sourceTree = "<group>";
		};
		754F3FB91AB2B12700F32C78 /* Supporting Files */ = {
			isa = PBXGroup;
			children = (
				754F3FBA1AB2B12700F32C78 /* Info.plist */,
			);
			name = "Supporting Files";
			sourceTree = "<group>";
		};
/* End PBXGroup section */

/* Begin PBXNativeTarget section */
		754F3F9B1AB2B12700F32C78 /* MoneySlider */ = {
			isa = PBXNativeTarget;
			buildConfigurationList = 754F3FBF1AB2B12700F32C78 /* Build configuration list for PBXNativeTarget "MoneySlider" */;
			buildPhases = (
				754F3F981AB2B12700F32C78 /* Sources */,
				754F3F991AB2B12700F32C78 /* Frameworks */,
				754F3F9A1AB2B12700F32C78 /* Resources */,
			);
			buildRules = (
			);
			dependencies = (
			);
			name = MoneySlider;
			productName = MoneySlider;
			productReference = 754F3F9C1AB2B12700F32C78 /* MoneySlider.app */;
			productType = "com.apple.product-type.application";
		};
		754F3FB41AB2B12700F32C78 /* MoneySliderTests */ = {
			isa = PBXNativeTarget;
			buildConfigurationList = 754F3FC21AB2B12700F32C78 /* Build configuration list for PBXNativeTarget "MoneySliderTests" */;
			buildPhases = (
				754F3FB11AB2B12700F32C78 /* Sources */,
				754F3FB21AB2B12700F32C78 /* Frameworks */,
				754F3FB31AB2B12700F32C78 /* Resources */,
			);
			buildRules = (
			);
			dependencies = (
				754F3FB71AB2B12700F32C78 /* PBXTargetDependency */,
			);
			name = MoneySliderTests;
			productName = MoneySliderTests;
			productReference = 754F3FB51AB2B12700F32C78 /* MoneySliderTests.xctest */;
			productType = "com.apple.product-type.bundle.unit-test";
		};
/* End PBXNativeTarget section */

/* Begin PBXProject section */
		754F3F941AB2B12700F32C78 /* Project object */ = {
			isa = PBXProject;
			attributes = {
				LastUpgradeCheck = 0610;
				ORGANIZATIONNAME = "max jourdain";
				TargetAttributes = {
					754F3F9B1AB2B12700F32C78 = {
						CreatedOnToolsVersion = 6.1.1;
					};
					754F3FB41AB2B12700F32C78 = {
						CreatedOnToolsVersion = 6.1.1;
						TestTargetID = 754F3F9B1AB2B12700F32C78;
					};
				};
			};
			buildConfigurationList = 754F3F971AB2B12700F32C78 /* Build configuration list for PBXProject "MoneySlider" */;
			compatibilityVersion = "Xcode 3.2";
			developmentRegion = English;
			hasScannedForEncodings = 0;
			knownRegions = (
				en,
				Base,
			);
			mainGroup = 754F3F931AB2B12600F32C78;
			productRefGroup = 754F3F9D1AB2B12700F32C78 /* Products */;
			projectDirPath = "";
			projectRoot = "";
			targets = (
				754F3F9B1AB2B12700F32C78 /* MoneySlider */,
				754F3FB41AB2B12700F32C78 /* MoneySliderTests */,
			);
		};
/* End PBXProject section */

/* Begin PBXResourcesBuildPhase section */
		754F3F9A1AB2B12700F32C78 /* Resources */ = {
			isa = PBXResourcesBuildPhase;
			buildActionMask = 2147483647;
			files = (
				754F3FAB1AB2B12700F32C78 /* Main.storyboard in Resources */,
				754F3FB01AB2B12700F32C78 /* LaunchScreen.xib in Resources */,
				754F3FAD1AB2B12700F32C78 /* Images.xcassets in Resources */,
			);
			runOnlyForDeploymentPostprocessing = 0;
		};
		754F3FB31AB2B12700F32C78 /* Resources */ = {
			isa = PBXResourcesBuildPhase;
			buildActionMask = 2147483647;
			files = (
			);
			runOnlyForDeploymentPostprocessing = 0;
		};
/* End PBXResourcesBuildPhase section */

/* Begin PBXSourcesBuildPhase section */
		754F3F981AB2B12700F32C78 /* Sources */ = {
			isa = PBXSourcesBuildPhase;
			buildActionMask = 2147483647;
			files = (
				754F3FA81AB2B12700F32C78 /* ViewController.m in Sources */,
				754F3FA51AB2B12700F32C78 /* AppDelegate.m in Sources */,
				754F3FA21AB2B12700F32C78 /* main.m in Sources */,
			);
			runOnlyForDeploymentPostprocessing = 0;
		};
		754F3FB11AB2B12700F32C78 /* Sources */ = {
			isa = PBXSourcesBuildPhase;
			buildActionMask = 2147483647;
			files = (
				754F3FBC1AB2B12700F32C78 /* MoneySliderTests.m in Sources */,
			);
			runOnlyForDeploymentPostprocessing = 0;
		};
/* End PBXSourcesBuildPhase section */

/* Begin PBXTargetDependency section */
		754F3FB71AB2B12700F32C78 /* PBXTargetDependency */ = {
			isa = PBXTargetDependency;
			target = 754F3F9B1AB2B12700F32C78 /* MoneySlider */;
			targetProxy = 754F3FB61AB2B12700F32C78 /* PBXContainerItemProxy */;
		};
/* End PBXTargetDependency section */

/* Begin PBXVariantGroup section */
		754F3FA91AB2B12700F32C78 /* Main.storyboard */ = {
			isa = PBXVariantGroup;
			children = (
				754F3FAA1AB2B12700F32C78 /* Base */,
			);
			name = Main.storyboard;
			sourceTree = "<group>";
		};
		754F3FAE1AB2B12700F32C78 /* LaunchScreen.xib */ = {
			isa = PBXVariantGroup;
			children = (
				754F3FAF1AB2B12700F32C78 /* Base */,
			);
			name = LaunchScreen.xib;
			sourceTree = "<group>";
		};
/* End PBXVariantGroup section */

/* Begin XCBuildConfiguration section */
		754F3FBD1AB2B12700F32C78 /* Debug */ = {
			isa = XCBuildConfiguration;
			buildSettings = {
				ALWAYS_SEARCH_USER_PATHS = NO;
				CLANG_CXX_LANGUAGE_STANDARD = "gnu++0x";
				CLANG_CXX_LIBRARY = "libc++";
				CLANG_ENABLE_MODULES = YES;
				CLANG_ENABLE_OBJC_ARC = YES;
				CLANG_WARN_BOOL_CONVERSION = YES;
				CLANG_WARN_CONSTANT_CONVERSION = YES;
				CLANG_WARN_DIRECT_OBJC_ISA_USAGE = YES_ERROR;
				CLANG_WARN_EMPTY_BODY = YES;
				CLANG_WARN_ENUM_CONVERSION = YES;
				CLANG_WARN_INT_CONVERSION = YES;
				CLANG_WARN_OBJC_ROOT_CLASS = YES_ERROR;
				CLANG_WARN_UNREACHABLE_CODE = YES;
				CLANG_WARN__DUPLICATE_METHOD_MATCH = YES;
				"CODE_SIGN_IDENTITY[sdk=iphoneos*]" = "iPhone Developer";
				COPY_PHASE_STRIP = NO;
				ENABLE_STRICT_OBJC_MSGSEND = YES;
				GCC_C_LANGUAGE_STANDARD = gnu99;
				GCC_DYNAMIC_NO_PIC = NO;
				GCC_OPTIMIZATION_LEVEL = 0;
				GCC_PREPROCESSOR_DEFINITIONS = (
					"DEBUG=1",
					"$(inherited)",
				);
				GCC_SYMBOLS_PRIVATE_EXTERN = NO;
				GCC_WARN_64_TO_32_BIT_CONVERSION = YES;
				GCC_WARN_ABOUT_RETURN_TYPE = YES_ERROR;
				GCC_WARN_UNDECLARED_SELECTOR = YES;
				GCC_WARN_UNINITIALIZED_AUTOS = YES_AGGRESSIVE;
				GCC_WARN_UNUSED_FUNCTION = YES;
				GCC_WARN_UNUSED_VARIABLE = YES;
				IPHONEOS_DEPLOYMENT_TARGET = 8.1;
				MTL_ENABLE_DEBUG_INFO = YES;
				ONLY_ACTIVE_ARCH = YES;
				SDKROOT = iphoneos;
			};
			name = Debug;
		};
		754F3FBE1AB2B12700F32C78 /* Release */ = {
			isa = XCBuildConfiguration;
			buildSettings = {
				ALWAYS_SEARCH_USER_PATHS = NO;
				CLANG_CXX_LANGUAGE_STANDARD = "gnu++0x";
				CLANG_CXX_LIBRARY = "libc++";
				CLANG_ENABLE_MODULES = YES;
				CLANG_ENABLE_OBJC_ARC = YES;
				CLANG_WARN_BOOL_CONVERSION = YES;
				CLANG_WARN_CONSTANT_CONVERSION = YES;
				CLANG_WARN_DIRECT_OBJC_ISA_USAGE = YES_ERROR;
				CLANG_WARN_EMPTY_BODY = YES;
				CLANG_WARN_ENUM_CONVERSION = YES;
				CLANG_WARN_INT_CONVERSION = YES;
				CLANG_WARN_OBJC_ROOT_CLASS = YES_ERROR;
				CLANG_WARN_UNREACHABLE_CODE = YES;
				CLANG_WARN__DUPLICATE_METHOD_MATCH = YES;
				"CODE_SIGN_IDENTITY[sdk=iphoneos*]" = "iPhone Developer";
				COPY_PHASE_STRIP = YES;
				ENABLE_NS_ASSERTIONS = NO;
				ENABLE_STRICT_OBJC_MSGSEND = YES;
				GCC_C_LANGUAGE_STANDARD = gnu99;
				GCC_WARN_64_TO_32_BIT_CONVERSION = YES;
				GCC_WARN_ABOUT_RETURN_TYPE = YES_ERROR;
				GCC_WARN_UNDECLARED_SELECTOR = YES;
				GCC_WARN_UNINITIALIZED_AUTOS = YES_AGGRESSIVE;
				GCC_WARN_UNUSED_FUNCTION = YES;
				GCC_WARN_UNUSED_VARIABLE = YES;
				IPHONEOS_DEPLOYMENT_TARGET = 8.1;
				MTL_ENABLE_DEBUG_INFO = NO;
				SDKROOT = iphoneos;
				VALIDATE_PRODUCT = YES;
			};
			name = Release;
		};
		754F3FC01AB2B12700F32C78 /* Debug */ = {
			isa = XCBuildConfiguration;
			buildSettings = {
				ASSETCATALOG_COMPILER_APPICON_NAME = AppIcon;
				INFOPLIST_FILE = MoneySlider/Info.plist;
				LD_RUNPATH_SEARCH_PATHS = "$(inherited) @executable_path/Frameworks";
				PRODUCT_NAME = "$(TARGET_NAME)";
			};
			name = Debug;
		};
		754F3FC11AB2B12700F32C78 /* Release */ = {
			isa = XCBuildConfiguration;
			buildSettings = {
				ASSETCATALOG_COMPILER_APPICON_NAME = AppIcon;
				INFOPLIST_FILE = MoneySlider/Info.plist;
				LD_RUNPATH_SEARCH_PATHS = "$(inherited) @executable_path/Frameworks";
				PRODUCT_NAME = "$(TARGET_NAME)";
			};
			name = Release;
		};
		754F3FC31AB2B12700F32C78 /* Debug */ = {
			isa = XCBuildConfiguration;
			buildSettings = {
				BUNDLE_LOADER = "$(TEST_HOST)";
				FRAMEWORK_SEARCH_PATHS = (
					"$(SDKROOT)/Developer/Library/Frameworks",
					"$(inherited)",
				);
				GCC_PREPROCESSOR_DEFINITIONS = (
					"DEBUG=1",
					"$(inherited)",
				);
				INFOPLIST_FILE = MoneySliderTests/Info.plist;
				LD_RUNPATH_SEARCH_PATHS = "$(inherited) @executable_path/Frameworks @loader_path/Frameworks";
				PRODUCT_NAME = "$(TARGET_NAME)";
				TEST_HOST = "$(BUILT_PRODUCTS_DIR)/MoneySlider.app/MoneySlider";
			};
			name = Debug;
		};
		754F3FC41AB2B12700F32C78 /* Release */ = {
			isa = XCBuildConfiguration;
			buildSettings = {
				BUNDLE_LOADER = "$(TEST_HOST)";
				FRAMEWORK_SEARCH_PATHS = (
					"$(SDKROOT)/Developer/Library/Frameworks",
					"$(inherited)",
				);
				INFOPLIST_FILE = MoneySliderTests/Info.plist;
				LD_RUNPATH_SEARCH_PATHS = "$(inherited) @executable_path/Frameworks @loader_path/Frameworks";
				PRODUCT_NAME = "$(TARGET_NAME)";
				TEST_HOST = "$(BUILT_PRODUCTS_DIR)/MoneySlider.app/MoneySlider";
			};
			name = Release;
		};
/* End XCBuildConfiguration section */

/* Begin XCConfigurationList section */
		754F3F971AB2B12700F32C78 /* Build configuration list for PBXProject "MoneySlider" */ = {
			isa = XCConfigurationList;
			buildConfigurations = (
				754F3FBD1AB2B12700F32C78 /* Debug */,
				754F3FBE1AB2B12700F32C78 /* Release */,
			);
			defaultConfigurationIsVisible = 0;
			defaultConfigurationName = Release;
		};
		754F3FBF1AB2B12700F32C78 /* Build configuration list for PBXNativeTarget "MoneySlider" */ = {
			isa = XCConfigurationList;
			buildConfigurations = (
				754F3FC01AB2B12700F32C78 /* Debug */,
				754F3FC11AB2B12700F32C78 /* Release */,
			);
			defaultConfigurationIsVisible = 0;
		};
		754F3FC21AB2B12700F32C78 /* Build configuration list for PBXNativeTarget "MoneySliderTests" */ = {
			isa = XCConfigurationList;
			buildConfigurations = (
				754F3FC31AB2B12700F32C78 /* Debug */,
				754F3FC41AB2B12700F32C78 /* Release */,
			);
			defaultConfigurationIsVisible = 0;
		};
/* End XCConfigurationList section */
	};
	rootObject = 754F3F941AB2B12700F32C78 /* Project object */;
}
